
Microsoft Visual Studio Solution File, Format Version 12.00
# Visual Studio 15
VisualStudioVersion = 15.0.26430.16
MinimumVisualStudioVersion = 10.0.40219.1
Project("{9A19103F-16F7-4668-BE54-9A1E7A4F7556}") = "CurrencyTrackerServer", "CurrencyTrackerServer\CurrencyTrackerServer.csproj", "{A9F7D998-9379-47D7-937F-536150F94B9F}"
EndProject
Project("{FAE04EC0-301F-11D3-BF4B-00C04F79EFBC}") = "CurrecyTrackerServer.Tests", "CurrecyTrackerServer.Tests\CurrecyTrackerServer.Tests.csproj", "{6CA44328-EA74-43E5-9369-DFD4BA7104EE}"
EndProject
Global
	GlobalSection(SolutionConfigurationPlatforms) = preSolution
		Debug|Any CPU = Debug|Any CPU
		Release|Any CPU = Release|Any CPU
	EndGlobalSection
	GlobalSection(ProjectConfigurationPlatforms) = postSolution
		{A9F7D998-9379-47D7-937F-536150F94B9F}.Debug|Any CPU.ActiveCfg = Debug|Any CPU
		{A9F7D998-9379-47D7-937F-536150F94B9F}.Debug|Any CPU.Build.0 = Debug|Any CPU
		{A9F7D998-9379-47D7-937F-536150F94B9F}.Release|Any CPU.ActiveCfg = Release|Any CPU
		{A9F7D998-9379-47D7-937F-536150F94B9F}.Release|Any CPU.Build.0 = Release|Any CPU
		{6CA44328-EA74-43E5-9369-DFD4BA7104EE}.Debug|Any CPU.ActiveCfg = Debug|Any CPU
		{6CA44328-EA74-43E5-9369-DFD4BA7104EE}.Debug|Any CPU.Build.0 = Debug|Any CPU
		{6CA44328-EA74-43E5-9369-DFD4BA7104EE}.Release|Any CPU.ActiveCfg = Release|Any CPU
		{6CA44328-EA74-43E5-9369-DFD4BA7104EE}.Release|Any CPU.Build.0 = Release|Any CPU
	EndGlobalSection
	GlobalSection(SolutionProperties) = preSolution
		HideSolutionNode = FALSE
	EndGlobalSection
EndGlobal
