
Microsoft Visual Studio Solution File, Format Version 12.00
# Visual Studio 15
VisualStudioVersion = 15.0.27004.2006
MinimumVisualStudioVersion = 10.0.40219.1
Project("{9A19103F-16F7-4668-BE54-9A1E7A4F7556}") = "CurrencyTrackerServer.Infrastructure", "CurrencyTrackerServer.Infrastructure\CurrencyTrackerServer.Infrastructure.csproj", "{30C490B5-0E99-459E-BEF8-C2053E9F0EEA}"
EndProject
Project("{9A19103F-16F7-4668-BE54-9A1E7A4F7556}") = "CurrencyTrackerServer.Tests", "CurrencyTrackerServer.Tests\CurrencyTrackerServer.Tests.csproj", "{71E566B0-5BFC-403B-B449-7C993A4A1B08}"
	ProjectSection(ProjectDependencies) = postProject
		{30C490B5-0E99-459E-BEF8-C2053E9F0EEA} = {30C490B5-0E99-459E-BEF8-C2053E9F0EEA}
	EndProjectSection
EndProject
Project("{9A19103F-16F7-4668-BE54-9A1E7A4F7556}") = "CurrencyTrackerServer.Web", "CurrencyTrackerServer.Web\CurrencyTrackerServer.Web.csproj", "{DF1B2246-74EF-49FA-BF94-B62E493A9643}"
EndProject
Project("{9A19103F-16F7-4668-BE54-9A1E7A4F7556}") = "CurrencyTrackerServer.PriceService", "CurrencyTrackerServer.PriceService\CurrencyTrackerServer.PriceService.csproj", "{6E1AC594-7485-4218-B4D6-340BC5CE2D41}"
EndProject
Project("{9A19103F-16F7-4668-BE54-9A1E7A4F7556}") = "CurrencyTrackerServer.ReminderService", "CurrencyTrackerServer.ReminderService\CurrencyTrackerServer.ReminderService.csproj", "{7CC0F889-041A-4AFE-85E6-011B59D17E0E}"
EndProject
Project("{9A19103F-16F7-4668-BE54-9A1E7A4F7556}") = "CurrencyTrackerServer.ChangeTrackerService", "CurrencyTrackerServer.ChangeTrackerService\CurrencyTrackerServer.ChangeTrackerService.csproj", "{6A870A6E-4F69-4311-B76C-12EB1052F362}"
EndProject
Project("{9A19103F-16F7-4668-BE54-9A1E7A4F7556}") = "CurrencyTrackerServer.Data", "CurrencyTrackerServer.Data\CurrencyTrackerServer.Data.csproj", "{B4A284D5-F769-44DB-A402-91C916C05256}"
EndProject
Global
	GlobalSection(SolutionConfigurationPlatforms) = preSolution
		Debug|Any CPU = Debug|Any CPU
		Release|Any CPU = Release|Any CPU
		ReleaseNoAngular|Any CPU = ReleaseNoAngular|Any CPU
	EndGlobalSection
	GlobalSection(ProjectConfigurationPlatforms) = postSolution
		{30C490B5-0E99-459E-BEF8-C2053E9F0EEA}.Debug|Any CPU.ActiveCfg = Debug|Any CPU
		{30C490B5-0E99-459E-BEF8-C2053E9F0EEA}.Debug|Any CPU.Build.0 = Debug|Any CPU
		{30C490B5-0E99-459E-BEF8-C2053E9F0EEA}.Release|Any CPU.ActiveCfg = Release|Any CPU
		{30C490B5-0E99-459E-BEF8-C2053E9F0EEA}.Release|Any CPU.Build.0 = Release|Any CPU
		{30C490B5-0E99-459E-BEF8-C2053E9F0EEA}.ReleaseNoAngular|Any CPU.ActiveCfg = Release|Any CPU
		{30C490B5-0E99-459E-BEF8-C2053E9F0EEA}.ReleaseNoAngular|Any CPU.Build.0 = Release|Any CPU
		{71E566B0-5BFC-403B-B449-7C993A4A1B08}.Debug|Any CPU.ActiveCfg = Debug|Any CPU
		{71E566B0-5BFC-403B-B449-7C993A4A1B08}.Debug|Any CPU.Build.0 = Debug|Any CPU
		{71E566B0-5BFC-403B-B449-7C993A4A1B08}.Release|Any CPU.ActiveCfg = Release|Any CPU
		{71E566B0-5BFC-403B-B449-7C993A4A1B08}.Release|Any CPU.Build.0 = Release|Any CPU
		{71E566B0-5BFC-403B-B449-7C993A4A1B08}.ReleaseNoAngular|Any CPU.ActiveCfg = Release|Any CPU
		{71E566B0-5BFC-403B-B449-7C993A4A1B08}.ReleaseNoAngular|Any CPU.Build.0 = Release|Any CPU
		{DF1B2246-74EF-49FA-BF94-B62E493A9643}.Debug|Any CPU.ActiveCfg = Debug|Any CPU
		{DF1B2246-74EF-49FA-BF94-B62E493A9643}.Debug|Any CPU.Build.0 = Debug|Any CPU
		{DF1B2246-74EF-49FA-BF94-B62E493A9643}.Release|Any CPU.ActiveCfg = Release|Any CPU
		{DF1B2246-74EF-49FA-BF94-B62E493A9643}.Release|Any CPU.Build.0 = Release|Any CPU
		{DF1B2246-74EF-49FA-BF94-B62E493A9643}.ReleaseNoAngular|Any CPU.ActiveCfg = ReleaseNoAngular|Any CPU
		{DF1B2246-74EF-49FA-BF94-B62E493A9643}.ReleaseNoAngular|Any CPU.Build.0 = ReleaseNoAngular|Any CPU
		{6E1AC594-7485-4218-B4D6-340BC5CE2D41}.Debug|Any CPU.ActiveCfg = Debug|Any CPU
		{6E1AC594-7485-4218-B4D6-340BC5CE2D41}.Debug|Any CPU.Build.0 = Debug|Any CPU
		{6E1AC594-7485-4218-B4D6-340BC5CE2D41}.Release|Any CPU.ActiveCfg = Release|Any CPU
		{6E1AC594-7485-4218-B4D6-340BC5CE2D41}.Release|Any CPU.Build.0 = Release|Any CPU
		{6E1AC594-7485-4218-B4D6-340BC5CE2D41}.ReleaseNoAngular|Any CPU.ActiveCfg = Release|Any CPU
		{6E1AC594-7485-4218-B4D6-340BC5CE2D41}.ReleaseNoAngular|Any CPU.Build.0 = Release|Any CPU
		{7CC0F889-041A-4AFE-85E6-011B59D17E0E}.Debug|Any CPU.ActiveCfg = Debug|Any CPU
		{7CC0F889-041A-4AFE-85E6-011B59D17E0E}.Debug|Any CPU.Build.0 = Debug|Any CPU
		{7CC0F889-041A-4AFE-85E6-011B59D17E0E}.Release|Any CPU.ActiveCfg = Release|Any CPU
		{7CC0F889-041A-4AFE-85E6-011B59D17E0E}.Release|Any CPU.Build.0 = Release|Any CPU
		{7CC0F889-041A-4AFE-85E6-011B59D17E0E}.ReleaseNoAngular|Any CPU.ActiveCfg = Release|Any CPU
		{7CC0F889-041A-4AFE-85E6-011B59D17E0E}.ReleaseNoAngular|Any CPU.Build.0 = Release|Any CPU
		{6A870A6E-4F69-4311-B76C-12EB1052F362}.Debug|Any CPU.ActiveCfg = Debug|Any CPU
		{6A870A6E-4F69-4311-B76C-12EB1052F362}.Debug|Any CPU.Build.0 = Debug|Any CPU
		{6A870A6E-4F69-4311-B76C-12EB1052F362}.Release|Any CPU.ActiveCfg = Release|Any CPU
		{6A870A6E-4F69-4311-B76C-12EB1052F362}.Release|Any CPU.Build.0 = Release|Any CPU
		{6A870A6E-4F69-4311-B76C-12EB1052F362}.ReleaseNoAngular|Any CPU.ActiveCfg = Release|Any CPU
		{6A870A6E-4F69-4311-B76C-12EB1052F362}.ReleaseNoAngular|Any CPU.Build.0 = Release|Any CPU
		{B4A284D5-F769-44DB-A402-91C916C05256}.Debug|Any CPU.ActiveCfg = Debug|Any CPU
		{B4A284D5-F769-44DB-A402-91C916C05256}.Debug|Any CPU.Build.0 = Debug|Any CPU
		{B4A284D5-F769-44DB-A402-91C916C05256}.Release|Any CPU.ActiveCfg = Release|Any CPU
		{B4A284D5-F769-44DB-A402-91C916C05256}.Release|Any CPU.Build.0 = Release|Any CPU
		{B4A284D5-F769-44DB-A402-91C916C05256}.ReleaseNoAngular|Any CPU.ActiveCfg = Release|Any CPU
		{B4A284D5-F769-44DB-A402-91C916C05256}.ReleaseNoAngular|Any CPU.Build.0 = Release|Any CPU
	EndGlobalSection
	GlobalSection(SolutionProperties) = preSolution
		HideSolutionNode = FALSE
	EndGlobalSection
	GlobalSection(ExtensibilityGlobals) = postSolution
		SolutionGuid = {AA246DC5-35A9-4800-B21F-59107255F988}
	EndGlobalSection
EndGlobal
